
Microsoft Visual Studio Solution File, Format Version 12.00
# Visual Studio Version 17
VisualStudioVersion = 17.9.34714.143
MinimumVisualStudioVersion = 10.0.40219.1
Project("{FAE04EC0-301F-11D3-BF4B-00C04F79EFBC}") = "CNutSharp.Library", "CNutSharp.Library\CNutSharp.Library.csproj", "{2E5F754B-B524-4F4F-8069-4DCCE5A22FCB}"
EndProject
Global
	GlobalSection(SolutionConfigurationPlatforms) = preSolution
		Debug|Any CPU = Debug|Any CPU
		Release|Any CPU = Release|Any CPU
	EndGlobalSection
	GlobalSection(ProjectConfigurationPlatforms) = postSolution
		{2E5F754B-B524-4F4F-8069-4DCCE5A22FCB}.Debug|Any CPU.ActiveCfg = Debug|Any CPU
		{2E5F754B-B524-4F4F-8069-4DCCE5A22FCB}.Debug|Any CPU.Build.0 = Debug|Any CPU
		{2E5F754B-B524-4F4F-8069-4DCCE5A22FCB}.Release|Any CPU.ActiveCfg = Release|Any CPU
		{2E5F754B-B524-4F4F-8069-4DCCE5A22FCB}.Release|Any CPU.Build.0 = Release|Any CPU
	EndGlobalSection
	GlobalSection(SolutionProperties) = preSolution
		HideSolutionNode = FALSE
	EndGlobalSection
	GlobalSection(ExtensibilityGlobals) = postSolution
		SolutionGuid = {A19C6D87-38B6-461A-A899-23DD82C34938}
	EndGlobalSection
EndGlobal
